
Microsoft Visual Studio Solution File, Format Version 12.00
# Visual Studio Version 17
VisualStudioVersion = 17.5.33424.131
MinimumVisualStudioVersion = 10.0.40219.1
Project("{FAE04EC0-301F-11D3-BF4B-00C04F79EFBC}") = "FengLiangProject4SkySharkWebApp", "FangLiangProject4SkySharkWebApp\FengLiangProject4SkySharkWebApp.csproj", "{EAA77CB3-3575-46A8-A5CC-71241FF6DE92}"
EndProject
Global
	GlobalSection(SolutionConfigurationPlatforms) = preSolution
		Debug|Any CPU = Debug|Any CPU
		Release|Any CPU = Release|Any CPU
	EndGlobalSection
	GlobalSection(ProjectConfigurationPlatforms) = postSolution
		{EAA77CB3-3575-46A8-A5CC-71241FF6DE92}.Debug|Any CPU.ActiveCfg = Debug|Any CPU
		{EAA77CB3-3575-46A8-A5CC-71241FF6DE92}.Debug|Any CPU.Build.0 = Debug|Any CPU
		{EAA77CB3-3575-46A8-A5CC-71241FF6DE92}.Release|Any CPU.ActiveCfg = Release|Any CPU
		{EAA77CB3-3575-46A8-A5CC-71241FF6DE92}.Release|Any CPU.Build.0 = Release|Any CPU
	EndGlobalSection
	GlobalSection(SolutionProperties) = preSolution
		HideSolutionNode = FALSE
	EndGlobalSection
	GlobalSection(ExtensibilityGlobals) = postSolution
		SolutionGuid = {E24E9A08-6DD6-4AA9-8CC3-B99AA278BD99}
	EndGlobalSection
EndGlobal
